// !$*UTF8*$!
{
	archiveVersion = 1;
	classes = {
	};
	objectVersion = 55;
	objects = {

/* Begin PBXBuildFile section */
		0BF1A60428313FF600569D3A /* ContentView.swift in Sources */ = {isa = PBXBuildFile; fileRef = 0BF1A60328313FF600569D3A /* ContentView.swift */; };
		0BF1A60628313FF600569D3A /* Assets.xcassets in Resources */ = {isa = PBXBuildFile; fileRef = 0BF1A60528313FF600569D3A /* Assets.xcassets */; };
		0BF1A60928313FF600569D3A /* Preview Assets.xcassets in Resources */ = {isa = PBXBuildFile; fileRef = 0BF1A60828313FF600569D3A /* Preview Assets.xcassets */; };
		0BF1A61428313FF600569D3A /* RivalBatteryTests.swift in Sources */ = {isa = PBXBuildFile; fileRef = 0BF1A61328313FF600569D3A /* RivalBatteryTests.swift */; };
		0BF1A61E28313FF600569D3A /* RivalBatteryUITests.swift in Sources */ = {isa = PBXBuildFile; fileRef = 0BF1A61D28313FF600569D3A /* RivalBatteryUITests.swift */; };
		0BF1A62028313FF600569D3A /* RivalBatteryUITestsLaunchTests.swift in Sources */ = {isa = PBXBuildFile; fileRef = 0BF1A61F28313FF600569D3A /* RivalBatteryUITestsLaunchTests.swift */; };
		0BF1A62D2831406100569D3A /* AppDelegate.swift in Sources */ = {isa = PBXBuildFile; fileRef = 0BF1A62C2831406100569D3A /* AppDelegate.swift */; };
		0BF1A6302831418F00569D3A /* Main.storyboard in Resources */ = {isa = PBXBuildFile; fileRef = 0BF1A62F2831418F00569D3A /* Main.storyboard */; };
/* End PBXBuildFile section */

/* Begin PBXContainerItemProxy section */
		0BF1A61028313FF600569D3A /* PBXContainerItemProxy */ = {
			isa = PBXContainerItemProxy;
			containerPortal = 0BF1A5F628313FF600569D3A /* Project object */;
			proxyType = 1;
			remoteGlobalIDString = 0BF1A5FD28313FF600569D3A;
			remoteInfo = RivalBattery;
		};
		0BF1A61A28313FF600569D3A /* PBXContainerItemProxy */ = {
			isa = PBXContainerItemProxy;
			containerPortal = 0BF1A5F628313FF600569D3A /* Project object */;
			proxyType = 1;
			remoteGlobalIDString = 0BF1A5FD28313FF600569D3A;
			remoteInfo = RivalBattery;
		};
/* End PBXContainerItemProxy section */

/* Begin PBXFileReference section */
		0BF1A5FE28313FF600569D3A /* RivalBattery.app */ = {isa = PBXFileReference; explicitFileType = wrapper.application; includeInIndex = 0; path = RivalBattery.app; sourceTree = BUILT_PRODUCTS_DIR; };
		0BF1A60328313FF600569D3A /* ContentView.swift */ = {isa = PBXFileReference; lastKnownFileType = sourcecode.swift; path = ContentView.swift; sourceTree = "<group>"; };
		0BF1A60528313FF600569D3A /* Assets.xcassets */ = {isa = PBXFileReference; lastKnownFileType = folder.assetcatalog; path = Assets.xcassets; sourceTree = "<group>"; };
		0BF1A60828313FF600569D3A /* Preview Assets.xcassets */ = {isa = PBXFileReference; lastKnownFileType = folder.assetcatalog; path = "Preview Assets.xcassets"; sourceTree = "<group>"; };
		0BF1A60A28313FF600569D3A /* RivalBattery.entitlements */ = {isa = PBXFileReference; lastKnownFileType = text.plist.entitlements; path = RivalBattery.entitlements; sourceTree = "<group>"; };
		0BF1A60F28313FF600569D3A /* RivalBatteryTests.xctest */ = {isa = PBXFileReference; explicitFileType = wrapper.cfbundle; includeInIndex = 0; path = RivalBatteryTests.xctest; sourceTree = BUILT_PRODUCTS_DIR; };
		0BF1A61328313FF600569D3A /* RivalBatteryTests.swift */ = {isa = PBXFileReference; lastKnownFileType = sourcecode.swift; path = RivalBatteryTests.swift; sourceTree = "<group>"; };
		0BF1A61928313FF600569D3A /* RivalBatteryUITests.xctest */ = {isa = PBXFileReference; explicitFileType = wrapper.cfbundle; includeInIndex = 0; path = RivalBatteryUITests.xctest; sourceTree = BUILT_PRODUCTS_DIR; };
		0BF1A61D28313FF600569D3A /* RivalBatteryUITests.swift */ = {isa = PBXFileReference; lastKnownFileType = sourcecode.swift; path = RivalBatteryUITests.swift; sourceTree = "<group>"; };
		0BF1A61F28313FF600569D3A /* RivalBatteryUITestsLaunchTests.swift */ = {isa = PBXFileReference; lastKnownFileType = sourcecode.swift; path = RivalBatteryUITestsLaunchTests.swift; sourceTree = "<group>"; };
		0BF1A62C2831406100569D3A /* AppDelegate.swift */ = {isa = PBXFileReference; fileEncoding = 4; lastKnownFileType = sourcecode.swift; path = AppDelegate.swift; sourceTree = "<group>"; };
		0BF1A62E2831414500569D3A /* Info.plist */ = {isa = PBXFileReference; lastKnownFileType = text.plist; path = Info.plist; sourceTree = "<group>"; };
		0BF1A62F2831418F00569D3A /* Main.storyboard */ = {isa = PBXFileReference; lastKnownFileType = file.storyboard; path = Main.storyboard; sourceTree = "<group>"; };
/* End PBXFileReference section */

/* Begin PBXFrameworksBuildPhase section */
		0BF1A5FB28313FF600569D3A /* Frameworks */ = {
			isa = PBXFrameworksBuildPhase;
			buildActionMask = 2147483647;
			files = (
			);
			runOnlyForDeploymentPostprocessing = 0;
		};
		0BF1A60C28313FF600569D3A /* Frameworks */ = {
			isa = PBXFrameworksBuildPhase;
			buildActionMask = 2147483647;
			files = (
			);
			runOnlyForDeploymentPostprocessing = 0;
		};
		0BF1A61628313FF600569D3A /* Frameworks */ = {
			isa = PBXFrameworksBuildPhase;
			buildActionMask = 2147483647;
			files = (
			);
			runOnlyForDeploymentPostprocessing = 0;
		};
/* End PBXFrameworksBuildPhase section */

/* Begin PBXGroup section */
		0BF1A5F528313FF600569D3A = {
			isa = PBXGroup;
			children = (
				0BF1A60028313FF600569D3A /* RivalBattery */,
				0BF1A61228313FF600569D3A /* RivalBatteryTests */,
				0BF1A61C28313FF600569D3A /* RivalBatteryUITests */,
				0BF1A5FF28313FF600569D3A /* Products */,
			);
			sourceTree = "<group>";
		};
		0BF1A5FF28313FF600569D3A /* Products */ = {
			isa = PBXGroup;
			children = (
				0BF1A5FE28313FF600569D3A /* RivalBattery.app */,
				0BF1A60F28313FF600569D3A /* RivalBatteryTests.xctest */,
				0BF1A61928313FF600569D3A /* RivalBatteryUITests.xctest */,
			);
			name = Products;
			sourceTree = "<group>";
		};
		0BF1A60028313FF600569D3A /* RivalBattery */ = {
			isa = PBXGroup;
			children = (
				0BF1A62E2831414500569D3A /* Info.plist */,
				0BF1A60328313FF600569D3A /* ContentView.swift */,
				0BF1A62C2831406100569D3A /* AppDelegate.swift */,
				0BF1A60528313FF600569D3A /* Assets.xcassets */,
				0BF1A60A28313FF600569D3A /* RivalBattery.entitlements */,
				0BF1A60728313FF600569D3A /* Preview Content */,
				0BF1A62F2831418F00569D3A /* Main.storyboard */,
			);
			path = RivalBattery;
			sourceTree = "<group>";
		};
		0BF1A60728313FF600569D3A /* Preview Content */ = {
			isa = PBXGroup;
			children = (
				0BF1A60828313FF600569D3A /* Preview Assets.xcassets */,
			);
			path = "Preview Content";
			sourceTree = "<group>";
		};
		0BF1A61228313FF600569D3A /* RivalBatteryTests */ = {
			isa = PBXGroup;
			children = (
				0BF1A61328313FF600569D3A /* RivalBatteryTests.swift */,
			);
			path = RivalBatteryTests;
			sourceTree = "<group>";
		};
		0BF1A61C28313FF600569D3A /* RivalBatteryUITests */ = {
			isa = PBXGroup;
			children = (
				0BF1A61D28313FF600569D3A /* RivalBatteryUITests.swift */,
				0BF1A61F28313FF600569D3A /* RivalBatteryUITestsLaunchTests.swift */,
			);
			path = RivalBatteryUITests;
			sourceTree = "<group>";
		};
/* End PBXGroup section */

/* Begin PBXNativeTarget section */
		0BF1A5FD28313FF600569D3A /* RivalBattery */ = {
			isa = PBXNativeTarget;
			buildConfigurationList = 0BF1A62328313FF600569D3A /* Build configuration list for PBXNativeTarget "RivalBattery" */;
			buildPhases = (
				0BF1A5FA28313FF600569D3A /* Sources */,
				0BF1A5FB28313FF600569D3A /* Frameworks */,
				0BF1A5FC28313FF600569D3A /* Resources */,
			);
			buildRules = (
			);
			dependencies = (
			);
			name = RivalBattery;
			productName = RivalBattery;
			productReference = 0BF1A5FE28313FF600569D3A /* RivalBattery.app */;
			productType = "com.apple.product-type.application";
		};
		0BF1A60E28313FF600569D3A /* RivalBatteryTests */ = {
			isa = PBXNativeTarget;
			buildConfigurationList = 0BF1A62628313FF600569D3A /* Build configuration list for PBXNativeTarget "RivalBatteryTests" */;
			buildPhases = (
				0BF1A60B28313FF600569D3A /* Sources */,
				0BF1A60C28313FF600569D3A /* Frameworks */,
				0BF1A60D28313FF600569D3A /* Resources */,
			);
			buildRules = (
			);
			dependencies = (
				0BF1A61128313FF600569D3A /* PBXTargetDependency */,
			);
			name = RivalBatteryTests;
			productName = RivalBatteryTests;
			productReference = 0BF1A60F28313FF600569D3A /* RivalBatteryTests.xctest */;
			productType = "com.apple.product-type.bundle.unit-test";
		};
		0BF1A61828313FF600569D3A /* RivalBatteryUITests */ = {
			isa = PBXNativeTarget;
			buildConfigurationList = 0BF1A62928313FF600569D3A /* Build configuration list for PBXNativeTarget "RivalBatteryUITests" */;
			buildPhases = (
				0BF1A61528313FF600569D3A /* Sources */,
				0BF1A61628313FF600569D3A /* Frameworks */,
				0BF1A61728313FF600569D3A /* Resources */,
			);
			buildRules = (
			);
			dependencies = (
				0BF1A61B28313FF600569D3A /* PBXTargetDependency */,
			);
			name = RivalBatteryUITests;
			productName = RivalBatteryUITests;
			productReference = 0BF1A61928313FF600569D3A /* RivalBatteryUITests.xctest */;
			productType = "com.apple.product-type.bundle.ui-testing";
		};
/* End PBXNativeTarget section */

/* Begin PBXProject section */
		0BF1A5F628313FF600569D3A /* Project object */ = {
			isa = PBXProject;
			attributes = {
				BuildIndependentTargetsInParallel = 1;
				LastSwiftUpdateCheck = 1330;
				LastUpgradeCheck = 1330;
				TargetAttributes = {
					0BF1A5FD28313FF600569D3A = {
						CreatedOnToolsVersion = 13.3.1;
					};
					0BF1A60E28313FF600569D3A = {
						CreatedOnToolsVersion = 13.3.1;
						TestTargetID = 0BF1A5FD28313FF600569D3A;
					};
					0BF1A61828313FF600569D3A = {
						CreatedOnToolsVersion = 13.3.1;
						TestTargetID = 0BF1A5FD28313FF600569D3A;
					};
				};
			};
			buildConfigurationList = 0BF1A5F928313FF600569D3A /* Build configuration list for PBXProject "RivalBattery" */;
			compatibilityVersion = "Xcode 13.0";
			developmentRegion = en;
			hasScannedForEncodings = 0;
			knownRegions = (
				en,
				Base,
			);
			mainGroup = 0BF1A5F528313FF600569D3A;
			productRefGroup = 0BF1A5FF28313FF600569D3A /* Products */;
			projectDirPath = "";
			projectRoot = "";
			targets = (
				0BF1A5FD28313FF600569D3A /* RivalBattery */,
				0BF1A60E28313FF600569D3A /* RivalBatteryTests */,
				0BF1A61828313FF600569D3A /* RivalBatteryUITests */,
			);
		};
/* End PBXProject section */

/* Begin PBXResourcesBuildPhase section */
		0BF1A5FC28313FF600569D3A /* Resources */ = {
			isa = PBXResourcesBuildPhase;
			buildActionMask = 2147483647;
			files = (
				0BF1A60928313FF600569D3A /* Preview Assets.xcassets in Resources */,
				0BF1A60628313FF600569D3A /* Assets.xcassets in Resources */,
				0BF1A6302831418F00569D3A /* Main.storyboard in Resources */,
			);
			runOnlyForDeploymentPostprocessing = 0;
		};
		0BF1A60D28313FF600569D3A /* Resources */ = {
			isa = PBXResourcesBuildPhase;
			buildActionMask = 2147483647;
			files = (
			);
			runOnlyForDeploymentPostprocessing = 0;
		};
		0BF1A61728313FF600569D3A /* Resources */ = {
			isa = PBXResourcesBuildPhase;
			buildActionMask = 2147483647;
			files = (
			);
			runOnlyForDeploymentPostprocessing = 0;
		};
/* End PBXResourcesBuildPhase section */

/* Begin PBXSourcesBuildPhase section */
		0BF1A5FA28313FF600569D3A /* Sources */ = {
			isa = PBXSourcesBuildPhase;
			buildActionMask = 2147483647;
			files = (
				0BF1A60428313FF600569D3A /* ContentView.swift in Sources */,
				0BF1A62D2831406100569D3A /* AppDelegate.swift in Sources */,
			);
			runOnlyForDeploymentPostprocessing = 0;
		};
		0BF1A60B28313FF600569D3A /* Sources */ = {
			isa = PBXSourcesBuildPhase;
			buildActionMask = 2147483647;
			files = (
				0BF1A61428313FF600569D3A /* RivalBatteryTests.swift in Sources */,
			);
			runOnlyForDeploymentPostprocessing = 0;
		};
		0BF1A61528313FF600569D3A /* Sources */ = {
			isa = PBXSourcesBuildPhase;
			buildActionMask = 2147483647;
			files = (
				0BF1A61E28313FF600569D3A /* RivalBatteryUITests.swift in Sources */,
				0BF1A62028313FF600569D3A /* RivalBatteryUITestsLaunchTests.swift in Sources */,
			);
			runOnlyForDeploymentPostprocessing = 0;
		};
/* End PBXSourcesBuildPhase section */

/* Begin PBXTargetDependency section */
		0BF1A61128313FF600569D3A /* PBXTargetDependency */ = {
			isa = PBXTargetDependency;
			target = 0BF1A5FD28313FF600569D3A /* RivalBattery */;
			targetProxy = 0BF1A61028313FF600569D3A /* PBXContainerItemProxy */;
		};
		0BF1A61B28313FF600569D3A /* PBXTargetDependency */ = {
			isa = PBXTargetDependency;
			target = 0BF1A5FD28313FF600569D3A /* RivalBattery */;
			targetProxy = 0BF1A61A28313FF600569D3A /* PBXContainerItemProxy */;
		};
/* End PBXTargetDependency section */

/* Begin XCBuildConfiguration section */
		0BF1A62128313FF600569D3A /* Debug */ = {
			isa = XCBuildConfiguration;
			buildSettings = {
				ALWAYS_SEARCH_USER_PATHS = NO;
				CLANG_ANALYZER_NONNULL = YES;
				CLANG_ANALYZER_NUMBER_OBJECT_CONVERSION = YES_AGGRESSIVE;
				CLANG_CXX_LANGUAGE_STANDARD = "gnu++17";
				CLANG_ENABLE_MODULES = YES;
				CLANG_ENABLE_OBJC_ARC = YES;
				CLANG_ENABLE_OBJC_WEAK = YES;
				CLANG_WARN_BLOCK_CAPTURE_AUTORELEASING = YES;
				CLANG_WARN_BOOL_CONVERSION = YES;
				CLANG_WARN_COMMA = YES;
				CLANG_WARN_CONSTANT_CONVERSION = YES;
				CLANG_WARN_DEPRECATED_OBJC_IMPLEMENTATIONS = YES;
				CLANG_WARN_DIRECT_OBJC_ISA_USAGE = YES_ERROR;
				CLANG_WARN_DOCUMENTATION_COMMENTS = YES;
				CLANG_WARN_EMPTY_BODY = YES;
				CLANG_WARN_ENUM_CONVERSION = YES;
				CLANG_WARN_INFINITE_RECURSION = YES;
				CLANG_WARN_INT_CONVERSION = YES;
				CLANG_WARN_NON_LITERAL_NULL_CONVERSION = YES;
				CLANG_WARN_OBJC_IMPLICIT_RETAIN_SELF = YES;
				CLANG_WARN_OBJC_LITERAL_CONVERSION = YES;
				CLANG_WARN_OBJC_ROOT_CLASS = YES_ERROR;
				CLANG_WARN_QUOTED_INCLUDE_IN_FRAMEWORK_HEADER = YES;
				CLANG_WARN_RANGE_LOOP_ANALYSIS = YES;
				CLANG_WARN_STRICT_PROTOTYPES = YES;
				CLANG_WARN_SUSPICIOUS_MOVE = YES;
				CLANG_WARN_UNGUARDED_AVAILABILITY = YES_AGGRESSIVE;
				CLANG_WARN_UNREACHABLE_CODE = YES;
				CLANG_WARN__DUPLICATE_METHOD_MATCH = YES;
				COPY_PHASE_STRIP = NO;
				DEBUG_INFORMATION_FORMAT = dwarf;
				ENABLE_STRICT_OBJC_MSGSEND = YES;
				ENABLE_TESTABILITY = YES;
				GCC_C_LANGUAGE_STANDARD = gnu11;
				GCC_DYNAMIC_NO_PIC = NO;
				GCC_NO_COMMON_BLOCKS = YES;
				GCC_OPTIMIZATION_LEVEL = 0;
				GCC_PREPROCESSOR_DEFINITIONS = (
					"DEBUG=1",
					"$(inherited)",
				);
				GCC_WARN_64_TO_32_BIT_CONVERSION = YES;
				GCC_WARN_ABOUT_RETURN_TYPE = YES_ERROR;
				GCC_WARN_UNDECLARED_SELECTOR = YES;
				GCC_WARN_UNINITIALIZED_AUTOS = YES_AGGRESSIVE;
				GCC_WARN_UNUSED_FUNCTION = YES;
				GCC_WARN_UNUSED_VARIABLE = YES;
				MACOSX_DEPLOYMENT_TARGET = 12.3;
				MTL_ENABLE_DEBUG_INFO = INCLUDE_SOURCE;
				MTL_FAST_MATH = YES;
				ONLY_ACTIVE_ARCH = YES;
				SDKROOT = macosx;
				SWIFT_ACTIVE_COMPILATION_CONDITIONS = DEBUG;
				SWIFT_OPTIMIZATION_LEVEL = "-Onone";
			};
			name = Debug;
		};
		0BF1A62228313FF600569D3A /* Release */ = {
			isa = XCBuildConfiguration;
			buildSettings = {
				ALWAYS_SEARCH_USER_PATHS = NO;
				CLANG_ANALYZER_NONNULL = YES;
				CLANG_ANALYZER_NUMBER_OBJECT_CONVERSION = YES_AGGRESSIVE;
				CLANG_CXX_LANGUAGE_STANDARD = "gnu++17";
				CLANG_ENABLE_MODULES = YES;
				CLANG_ENABLE_OBJC_ARC = YES;
				CLANG_ENABLE_OBJC_WEAK = YES;
				CLANG_WARN_BLOCK_CAPTURE_AUTORELEASING = YES;
				CLANG_WARN_BOOL_CONVERSION = YES;
				CLANG_WARN_COMMA = YES;
				CLANG_WARN_CONSTANT_CONVERSION = YES;
				CLANG_WARN_DEPRECATED_OBJC_IMPLEMENTATIONS = YES;
				CLANG_WARN_DIRECT_OBJC_ISA_USAGE = YES_ERROR;
				CLANG_WARN_DOCUMENTATION_COMMENTS = YES;
				CLANG_WARN_EMPTY_BODY = YES;
				CLANG_WARN_ENUM_CONVERSION = YES;
				CLANG_WARN_INFINITE_RECURSION = YES;
				CLANG_WARN_INT_CONVERSION = YES;
				CLANG_WARN_NON_LITERAL_NULL_CONVERSION = YES;
				CLANG_WARN_OBJC_IMPLICIT_RETAIN_SELF = YES;
				CLANG_WARN_OBJC_LITERAL_CONVERSION = YES;
				CLANG_WARN_OBJC_ROOT_CLASS = YES_ERROR;
				CLANG_WARN_QUOTED_INCLUDE_IN_FRAMEWORK_HEADER = YES;
				CLANG_WARN_RANGE_LOOP_ANALYSIS = YES;
				CLANG_WARN_STRICT_PROTOTYPES = YES;
				CLANG_WARN_SUSPICIOUS_MOVE = YES;
				CLANG_WARN_UNGUARDED_AVAILABILITY = YES_AGGRESSIVE;
				CLANG_WARN_UNREACHABLE_CODE = YES;
				CLANG_WARN__DUPLICATE_METHOD_MATCH = YES;
				COPY_PHASE_STRIP = NO;
				DEBUG_INFORMATION_FORMAT = "dwarf-with-dsym";
				ENABLE_NS_ASSERTIONS = NO;
				ENABLE_STRICT_OBJC_MSGSEND = YES;
				GCC_C_LANGUAGE_STANDARD = gnu11;
				GCC_NO_COMMON_BLOCKS = YES;
				GCC_WARN_64_TO_32_BIT_CONVERSION = YES;
				GCC_WARN_ABOUT_RETURN_TYPE = YES_ERROR;
				GCC_WARN_UNDECLARED_SELECTOR = YES;
				GCC_WARN_UNINITIALIZED_AUTOS = YES_AGGRESSIVE;
				GCC_WARN_UNUSED_FUNCTION = YES;
				GCC_WARN_UNUSED_VARIABLE = YES;
				MACOSX_DEPLOYMENT_TARGET = 12.3;
				MTL_ENABLE_DEBUG_INFO = NO;
				MTL_FAST_MATH = YES;
				SDKROOT = macosx;
				SWIFT_COMPILATION_MODE = wholemodule;
				SWIFT_OPTIMIZATION_LEVEL = "-O";
			};
			name = Release;
		};
		0BF1A62428313FF600569D3A /* Debug */ = {
			isa = XCBuildConfiguration;
			buildSettings = {
				ASSETCATALOG_COMPILER_APPICON_NAME = AppIcon;
				ASSETCATALOG_COMPILER_GLOBAL_ACCENT_COLOR_NAME = AccentColor;
				CODE_SIGN_ENTITLEMENTS = RivalBattery/RivalBattery.entitlements;
				CODE_SIGN_STYLE = Automatic;
				COMBINE_HIDPI_IMAGES = YES;
				CURRENT_PROJECT_VERSION = 1;
				DEVELOPMENT_ASSET_PATHS = "\"RivalBattery/Preview Content\"";
				DEVELOPMENT_TEAM = H2QK6SR27W;
				ENABLE_HARDENED_RUNTIME = YES;
				ENABLE_PREVIEWS = YES;
				GENERATE_INFOPLIST_FILE = YES;
				INFOPLIST_FILE = RivalBattery/Info.plist;
				INFOPLIST_KEY_LSApplicationCategoryType = "public.app-category.utilities";
				INFOPLIST_KEY_NSHumanReadableCopyright = "";
				LD_RUNPATH_SEARCH_PATHS = (
					"$(inherited)",
					"@executable_path/../Frameworks",
				);
				MACOSX_DEPLOYMENT_TARGET = 11.0;
				MARKETING_VERSION = 1.0;
				PRODUCT_BUNDLE_IDENTIFIER = foxcorp.RivalBattery;
				PRODUCT_NAME = "$(TARGET_NAME)";
				SWIFT_EMIT_LOC_STRINGS = YES;
				SWIFT_VERSION = 5.0;
			};
			name = Debug;
		};
		0BF1A62528313FF600569D3A /* Release */ = {
			isa = XCBuildConfiguration;
			buildSettings = {
				ASSETCATALOG_COMPILER_APPICON_NAME = AppIcon;
				ASSETCATALOG_COMPILER_GLOBAL_ACCENT_COLOR_NAME = AccentColor;
				CODE_SIGN_ENTITLEMENTS = RivalBattery/RivalBattery.entitlements;
				CODE_SIGN_STYLE = Automatic;
				COMBINE_HIDPI_IMAGES = YES;
				CURRENT_PROJECT_VERSION = 1;
				DEVELOPMENT_ASSET_PATHS = "\"RivalBattery/Preview Content\"";
				DEVELOPMENT_TEAM = H2QK6SR27W;
				ENABLE_HARDENED_RUNTIME = YES;
				ENABLE_PREVIEWS = YES;
				GENERATE_INFOPLIST_FILE = YES;
				INFOPLIST_FILE = RivalBattery/Info.plist;
				INFOPLIST_KEY_LSApplicationCategoryType = "public.app-category.utilities";
				INFOPLIST_KEY_NSHumanReadableCopyright = "";
				LD_RUNPATH_SEARCH_PATHS = (
					"$(inherited)",
					"@executable_path/../Frameworks",
				);
				MACOSX_DEPLOYMENT_TARGET = 11.0;
				MARKETING_VERSION = 1.0;
				PRODUCT_BUNDLE_IDENTIFIER = foxcorp.RivalBattery;
				PRODUCT_NAME = "$(TARGET_NAME)";
				SWIFT_EMIT_LOC_STRINGS = YES;
				SWIFT_VERSION = 5.0;
			};
			name = Release;
		};
		0BF1A62728313FF600569D3A /* Debug */ = {
			isa = XCBuildConfiguration;
			buildSettings = {
				ALWAYS_EMBED_SWIFT_STANDARD_LIBRARIES = YES;
				BUNDLE_LOADER = "$(TEST_HOST)";
				CODE_SIGN_STYLE = Automatic;
				CURRENT_PROJECT_VERSION = 1;
				DEVELOPMENT_TEAM = H2QK6SR27W;
				GENERATE_INFOPLIST_FILE = YES;
				MACOSX_DEPLOYMENT_TARGET = 12.3;
				MARKETING_VERSION = 1.0;
				PRODUCT_BUNDLE_IDENTIFIER = foxcorp.RivalBatteryTests;
				PRODUCT_NAME = "$(TARGET_NAME)";
				SWIFT_EMIT_LOC_STRINGS = NO;
				SWIFT_VERSION = 5.0;
				TEST_HOST = "$(BUILT_PRODUCTS_DIR)/RivalBattery.app/Contents/MacOS/RivalBattery";
			};
			name = Debug;
		};
		0BF1A62828313FF600569D3A /* Release */ = {
			isa = XCBuildConfiguration;
			buildSettings = {
				ALWAYS_EMBED_SWIFT_STANDARD_LIBRARIES = YES;
				BUNDLE_LOADER = "$(TEST_HOST)";
				CODE_SIGN_STYLE = Automatic;
				CURRENT_PROJECT_VERSION = 1;
				DEVELOPMENT_TEAM = H2QK6SR27W;
				GENERATE_INFOPLIST_FILE = YES;
				MACOSX_DEPLOYMENT_TARGET = 12.3;
				MARKETING_VERSION = 1.0;
				PRODUCT_BUNDLE_IDENTIFIER = foxcorp.RivalBatteryTests;
				PRODUCT_NAME = "$(TARGET_NAME)";
				SWIFT_EMIT_LOC_STRINGS = NO;
				SWIFT_VERSION = 5.0;
				TEST_HOST = "$(BUILT_PRODUCTS_DIR)/RivalBattery.app/Contents/MacOS/RivalBattery";
			};
			name = Release;
		};
		0BF1A62A28313FF600569D3A /* Debug */ = {
			isa = XCBuildConfiguration;
			buildSettings = {
				ALWAYS_EMBED_SWIFT_STANDARD_LIBRARIES = YES;
				CODE_SIGN_STYLE = Automatic;
				CURRENT_PROJECT_VERSION = 1;
				DEVELOPMENT_TEAM = H2QK6SR27W;
				GENERATE_INFOPLIST_FILE = YES;
				MARKETING_VERSION = 1.0;
				PRODUCT_BUNDLE_IDENTIFIER = foxcorp.RivalBatteryUITests;
				PRODUCT_NAME = "$(TARGET_NAME)";
				SWIFT_EMIT_LOC_STRINGS = NO;
				SWIFT_VERSION = 5.0;
				TEST_TARGET_NAME = RivalBattery;
			};
			name = Debug;
		};
		0BF1A62B28313FF600569D3A /* Release */ = {
			isa = XCBuildConfiguration;
			buildSettings = {
				ALWAYS_EMBED_SWIFT_STANDARD_LIBRARIES = YES;
				CODE_SIGN_STYLE = Automatic;
				CURRENT_PROJECT_VERSION = 1;
				DEVELOPMENT_TEAM = H2QK6SR27W;
				GENERATE_INFOPLIST_FILE = YES;
				MARKETING_VERSION = 1.0;
				PRODUCT_BUNDLE_IDENTIFIER = foxcorp.RivalBatteryUITests;
				PRODUCT_NAME = "$(TARGET_NAME)";
				SWIFT_EMIT_LOC_STRINGS = NO;
				SWIFT_VERSION = 5.0;
				TEST_TARGET_NAME = RivalBattery;
			};
			name = Release;
		};
/* End XCBuildConfiguration section */

/* Begin XCConfigurationList section */
		0BF1A5F928313FF600569D3A /* Build configuration list for PBXProject "RivalBattery" */ = {
			isa = XCConfigurationList;
			buildConfigurations = (
				0BF1A62128313FF600569D3A /* Debug */,
				0BF1A62228313FF600569D3A /* Release */,
			);
			defaultConfigurationIsVisible = 0;
			defaultConfigurationName = Release;
		};
		0BF1A62328313FF600569D3A /* Build configuration list for PBXNativeTarget "RivalBattery" */ = {
			isa = XCConfigurationList;
			buildConfigurations = (
				0BF1A62428313FF600569D3A /* Debug */,
				0BF1A62528313FF600569D3A /* Release */,
			);
			defaultConfigurationIsVisible = 0;
			defaultConfigurationName = Release;
		};
		0BF1A62628313FF600569D3A /* Build configuration list for PBXNativeTarget "RivalBatteryTests" */ = {
			isa = XCConfigurationList;
			buildConfigurations = (
				0BF1A62728313FF600569D3A /* Debug */,
				0BF1A62828313FF600569D3A /* Release */,
			);
			defaultConfigurationIsVisible = 0;
			defaultConfigurationName = Release;
		};
		0BF1A62928313FF600569D3A /* Build configuration list for PBXNativeTarget "RivalBatteryUITests" */ = {
			isa = XCConfigurationList;
			buildConfigurations = (
				0BF1A62A28313FF600569D3A /* Debug */,
				0BF1A62B28313FF600569D3A /* Release */,
			);
			defaultConfigurationIsVisible = 0;
			defaultConfigurationName = Release;
		};
/* End XCConfigurationList section */
	};
	rootObject = 0BF1A5F628313FF600569D3A /* Project object */;
}
